
Microsoft Visual Studio Solution File, Format Version 12.00
# Visual Studio Version 16
VisualStudioVersion = 16.0.31313.79
MinimumVisualStudioVersion = 10.0.40219.1
Project("{FAE04EC0-301F-11D3-BF4B-00C04F79EFBC}") = "RandomItems", "RandomItems\RandomItems.csproj", "{24EFD76C-8C38-4F32-9B8A-D7A9E913FB18}"
EndProject
Global
	GlobalSection(SolutionConfigurationPlatforms) = preSolution
		Debug|Any CPU = Debug|Any CPU
		Release|Any CPU = Release|Any CPU
	EndGlobalSection
	GlobalSection(ProjectConfigurationPlatforms) = postSolution
		{24EFD76C-8C38-4F32-9B8A-D7A9E913FB18}.Debug|Any CPU.ActiveCfg = Debug|Any CPU
		{24EFD76C-8C38-4F32-9B8A-D7A9E913FB18}.Debug|Any CPU.Build.0 = Debug|Any CPU
		{24EFD76C-8C38-4F32-9B8A-D7A9E913FB18}.Release|Any CPU.ActiveCfg = Release|Any CPU
		{24EFD76C-8C38-4F32-9B8A-D7A9E913FB18}.Release|Any CPU.Build.0 = Release|Any CPU
	EndGlobalSection
	GlobalSection(SolutionProperties) = preSolution
		HideSolutionNode = FALSE
	EndGlobalSection
	GlobalSection(ExtensibilityGlobals) = postSolution
		SolutionGuid = {95B440E4-40BD-49F9-895A-627E3A1EAA46}
	EndGlobalSection
EndGlobal
